
Microsoft Visual Studio Solution File, Format Version 12.00
# Visual Studio 15
VisualStudioVersion = 15.0.28010.2026
MinimumVisualStudioVersion = 10.0.40219.1
Project("{FAE04EC0-301F-11D3-BF4B-00C04F79EFBC}") = "ControllerReload", "ControllerReload\ControllerReload.csproj", "{01078687-2525-4F49-84EA-9CDDAEF4E3A9}"
EndProject
Global
	GlobalSection(SolutionConfigurationPlatforms) = preSolution
		Debug|x64 = Debug|x64
		Release|x64 = Release|x64
	EndGlobalSection
	GlobalSection(ProjectConfigurationPlatforms) = postSolution
		{01078687-2525-4F49-84EA-9CDDAEF4E3A9}.Debug|x64.ActiveCfg = Debug|x64
		{01078687-2525-4F49-84EA-9CDDAEF4E3A9}.Debug|x64.Build.0 = Debug|x64
		{01078687-2525-4F49-84EA-9CDDAEF4E3A9}.Release|x64.ActiveCfg = Release|x64
		{01078687-2525-4F49-84EA-9CDDAEF4E3A9}.Release|x64.Build.0 = Release|x64
	EndGlobalSection
	GlobalSection(SolutionProperties) = preSolution
		HideSolutionNode = FALSE
	EndGlobalSection
	GlobalSection(ExtensibilityGlobals) = postSolution
		SolutionGuid = {BA8D037B-A234-4697-A9F9-9C68861DC43D}
	EndGlobalSection
EndGlobal
